// !$*UTF8*$!
{
	archiveVersion = 1;
	classes = {
	};
	objectVersion = 56;
	objects = {

/* Begin PBXBuildFile section */
		0606596029B33104006CD37F /* HomeViewController.swift in Sources */ = {isa = PBXBuildFile; fileRef = 0606595F29B33104006CD37F /* HomeViewController.swift */; };
		0606596329B355F4006CD37F /* PopulationTableViewCell.swift in Sources */ = {isa = PBXBuildFile; fileRef = 0606596129B355F4006CD37F /* PopulationTableViewCell.swift */; };
		0606596429B355F4006CD37F /* PopulationTableViewCell.xib in Resources */ = {isa = PBXBuildFile; fileRef = 0606596229B355F4006CD37F /* PopulationTableViewCell.xib */; };
		0606596729B3578F006CD37F /* Population.swift in Sources */ = {isa = PBXBuildFile; fileRef = 0606596629B3578F006CD37F /* Population.swift */; };
		0606596A29B35842006CD37F /* GetPopulationProtocol.swift in Sources */ = {isa = PBXBuildFile; fileRef = 0606596929B35842006CD37F /* GetPopulationProtocol.swift */; };
		0606596C29B35879006CD37F /* UIUpdatePopulationProtocol.swift in Sources */ = {isa = PBXBuildFile; fileRef = 0606596B29B35879006CD37F /* UIUpdatePopulationProtocol.swift */; };
		060DE9BD29B3601E0013E660 /* UserCollectionViewCell.xib in Resources */ = {isa = PBXBuildFile; fileRef = 060DE9BC29B3601E0013E660 /* UserCollectionViewCell.xib */; };
		062BD5EE29B320AF00FE01EE /* HomeViewModel.swift in Sources */ = {isa = PBXBuildFile; fileRef = 062BD5ED29B320AF00FE01EE /* HomeViewModel.swift */; };
		062BD5F029B3210E00FE01EE /* ApiHelper.swift in Sources */ = {isa = PBXBuildFile; fileRef = 062BD5EF29B3210E00FE01EE /* ApiHelper.swift */; };
		062BD5F229B322EF00FE01EE /* Users.swift in Sources */ = {isa = PBXBuildFile; fileRef = 062BD5F129B322EF00FE01EE /* Users.swift */; };
		062BD5F429B324B900FE01EE /* GetUserProtocol.swift in Sources */ = {isa = PBXBuildFile; fileRef = 062BD5F329B324B900FE01EE /* GetUserProtocol.swift */; };
		062BD5F629B329A600FE01EE /* UIUpdateUsersProtocol.swift in Sources */ = {isa = PBXBuildFile; fileRef = 062BD5F529B329A600FE01EE /* UIUpdateUsersProtocol.swift */; };
		062BD5F929B32CC600FE01EE /* UserCollectionViewCell.swift in Sources */ = {isa = PBXBuildFile; fileRef = 062BD5F729B32CC600FE01EE /* UserCollectionViewCell.swift */; };
		063A3A7A29B3190F0068CB41 /* Main.storyboard in Resources */ = {isa = PBXBuildFile; fileRef = 063A3A7929B3190F0068CB41 /* Main.storyboard */; };
		066D291329B30EBD00975E84 /* AppDelegate.swift in Sources */ = {isa = PBXBuildFile; fileRef = 066D291229B30EBD00975E84 /* AppDelegate.swift */; };
		066D291529B30EBD00975E84 /* SceneDelegate.swift in Sources */ = {isa = PBXBuildFile; fileRef = 066D291429B30EBD00975E84 /* SceneDelegate.swift */; };
		066D291C29B30EBF00975E84 /* Assets.xcassets in Resources */ = {isa = PBXBuildFile; fileRef = 066D291B29B30EBF00975E84 /* Assets.xcassets */; };
		066D291F29B30EBF00975E84 /* LaunchScreen.storyboard in Resources */ = {isa = PBXBuildFile; fileRef = 066D291D29B30EBF00975E84 /* LaunchScreen.storyboard */; };
/* End PBXBuildFile section */

/* Begin PBXFileReference section */
		0606595F29B33104006CD37F /* HomeViewController.swift */ = {isa = PBXFileReference; lastKnownFileType = sourcecode.swift; path = HomeViewController.swift; sourceTree = "<group>"; };
		0606596129B355F4006CD37F /* PopulationTableViewCell.swift */ = {isa = PBXFileReference; lastKnownFileType = sourcecode.swift; path = PopulationTableViewCell.swift; sourceTree = "<group>"; };
		0606596229B355F4006CD37F /* PopulationTableViewCell.xib */ = {isa = PBXFileReference; lastKnownFileType = file.xib; path = PopulationTableViewCell.xib; sourceTree = "<group>"; };
		0606596629B3578F006CD37F /* Population.swift */ = {isa = PBXFileReference; lastKnownFileType = sourcecode.swift; path = Population.swift; sourceTree = "<group>"; };
		0606596929B35842006CD37F /* GetPopulationProtocol.swift */ = {isa = PBXFileReference; lastKnownFileType = sourcecode.swift; path = GetPopulationProtocol.swift; sourceTree = "<group>"; };
		0606596B29B35879006CD37F /* UIUpdatePopulationProtocol.swift */ = {isa = PBXFileReference; lastKnownFileType = sourcecode.swift; path = UIUpdatePopulationProtocol.swift; sourceTree = "<group>"; };
		060DE9BC29B3601E0013E660 /* UserCollectionViewCell.xib */ = {isa = PBXFileReference; fileEncoding = 4; lastKnownFileType = file.xib; path = UserCollectionViewCell.xib; sourceTree = "<group>"; };
		062BD5ED29B320AF00FE01EE /* HomeViewModel.swift */ = {isa = PBXFileReference; lastKnownFileType = sourcecode.swift; path = HomeViewModel.swift; sourceTree = "<group>"; };
		062BD5EF29B3210E00FE01EE /* ApiHelper.swift */ = {isa = PBXFileReference; lastKnownFileType = sourcecode.swift; path = ApiHelper.swift; sourceTree = "<group>"; };
		062BD5F129B322EF00FE01EE /* Users.swift */ = {isa = PBXFileReference; lastKnownFileType = sourcecode.swift; path = Users.swift; sourceTree = "<group>"; };
		062BD5F329B324B900FE01EE /* GetUserProtocol.swift */ = {isa = PBXFileReference; lastKnownFileType = sourcecode.swift; path = GetUserProtocol.swift; sourceTree = "<group>"; };
		062BD5F529B329A600FE01EE /* UIUpdateUsersProtocol.swift */ = {isa = PBXFileReference; lastKnownFileType = sourcecode.swift; path = UIUpdateUsersProtocol.swift; sourceTree = "<group>"; };
		062BD5F729B32CC600FE01EE /* UserCollectionViewCell.swift */ = {isa = PBXFileReference; lastKnownFileType = sourcecode.swift; path = UserCollectionViewCell.swift; sourceTree = "<group>"; };
		063A3A7929B3190F0068CB41 /* Main.storyboard */ = {isa = PBXFileReference; fileEncoding = 4; lastKnownFileType = file.storyboard; name = Main.storyboard; path = ../../../../.Trash/Main.storyboard; sourceTree = "<group>"; };
		066D290F29B30EBD00975E84 /* Sphinx-solution-MachineTask.app */ = {isa = PBXFileReference; explicitFileType = wrapper.application; includeInIndex = 0; path = "Sphinx-solution-MachineTask.app"; sourceTree = BUILT_PRODUCTS_DIR; };
		066D291229B30EBD00975E84 /* AppDelegate.swift */ = {isa = PBXFileReference; lastKnownFileType = sourcecode.swift; path = AppDelegate.swift; sourceTree = "<group>"; };
		066D291429B30EBD00975E84 /* SceneDelegate.swift */ = {isa = PBXFileReference; lastKnownFileType = sourcecode.swift; path = SceneDelegate.swift; sourceTree = "<group>"; };
		066D291B29B30EBF00975E84 /* Assets.xcassets */ = {isa = PBXFileReference; lastKnownFileType = folder.assetcatalog; path = Assets.xcassets; sourceTree = "<group>"; };
		066D291E29B30EBF00975E84 /* Base */ = {isa = PBXFileReference; lastKnownFileType = file.storyboard; name = Base; path = Base.lproj/LaunchScreen.storyboard; sourceTree = "<group>"; };
		066D292029B30EBF00975E84 /* Info.plist */ = {isa = PBXFileReference; lastKnownFileType = text.plist.xml; path = Info.plist; sourceTree = "<group>"; };
/* End PBXFileReference section */

/* Begin PBXFrameworksBuildPhase section */
		066D290C29B30EBD00975E84 /* Frameworks */ = {
			isa = PBXFrameworksBuildPhase;
			buildActionMask = 2147483647;
			files = (
			);
			runOnlyForDeploymentPostprocessing = 0;
		};
/* End PBXFrameworksBuildPhase section */

/* Begin PBXGroup section */
		0606596529B3577C006CD37F /* Model */ = {
			isa = PBXGroup;
			children = (
				062BD5F129B322EF00FE01EE /* Users.swift */,
				0606596629B3578F006CD37F /* Population.swift */,
			);
			path = Model;
			sourceTree = "<group>";
		};
		0606596829B35821006CD37F /* Protocols */ = {
			isa = PBXGroup;
			children = (
				062BD5F329B324B900FE01EE /* GetUserProtocol.swift */,
				062BD5F529B329A600FE01EE /* UIUpdateUsersProtocol.swift */,
				0606596929B35842006CD37F /* GetPopulationProtocol.swift */,
				0606596B29B35879006CD37F /* UIUpdatePopulationProtocol.swift */,
			);
			path = Protocols;
			sourceTree = "<group>";
		};
		0606596D29B35F40006CD37F /* ViewModel */ = {
			isa = PBXGroup;
			children = (
				062BD5ED29B320AF00FE01EE /* HomeViewModel.swift */,
			);
			path = ViewModel;
			sourceTree = "<group>";
		};
		0606596E29B35F49006CD37F /* Cell */ = {
			isa = PBXGroup;
			children = (
				060DE9BC29B3601E0013E660 /* UserCollectionViewCell.xib */,
				062BD5F729B32CC600FE01EE /* UserCollectionViewCell.swift */,
				0606596129B355F4006CD37F /* PopulationTableViewCell.swift */,
				0606596229B355F4006CD37F /* PopulationTableViewCell.xib */,
			);
			path = Cell;
			sourceTree = "<group>";
		};
		0606596F29B35F57006CD37F /* Network */ = {
			isa = PBXGroup;
			children = (
				062BD5EF29B3210E00FE01EE /* ApiHelper.swift */,
			);
			path = Network;
			sourceTree = "<group>";
		};
		060DE9BE29B361020013E660 /* Controllers */ = {
			isa = PBXGroup;
			children = (
				0606595F29B33104006CD37F /* HomeViewController.swift */,
			);
			path = Controllers;
			sourceTree = "<group>";
		};
		066D290629B30EBD00975E84 = {
			isa = PBXGroup;
			children = (
				066D291129B30EBD00975E84 /* Sphinx-solution-MachineTask */,
				066D291029B30EBD00975E84 /* Products */,
			);
			sourceTree = "<group>";
		};
		066D291029B30EBD00975E84 /* Products */ = {
			isa = PBXGroup;
			children = (
				066D290F29B30EBD00975E84 /* Sphinx-solution-MachineTask.app */,
			);
			name = Products;
			sourceTree = "<group>";
		};
		066D291129B30EBD00975E84 /* Sphinx-solution-MachineTask */ = {
			isa = PBXGroup;
			children = (
				0606596F29B35F57006CD37F /* Network */,
				0606596E29B35F49006CD37F /* Cell */,
				0606596D29B35F40006CD37F /* ViewModel */,
				0606596829B35821006CD37F /* Protocols */,
				0606596529B3577C006CD37F /* Model */,
				066D291229B30EBD00975E84 /* AppDelegate.swift */,
				066D291429B30EBD00975E84 /* SceneDelegate.swift */,
				060DE9BE29B361020013E660 /* Controllers */,
				063A3A7929B3190F0068CB41 /* Main.storyboard */,
				066D291B29B30EBF00975E84 /* Assets.xcassets */,
				066D291D29B30EBF00975E84 /* LaunchScreen.storyboard */,
				066D292029B30EBF00975E84 /* Info.plist */,
			);
			path = "Sphinx-solution-MachineTask";
			sourceTree = "<group>";
		};
/* End PBXGroup section */

/* Begin PBXNativeTarget section */
		066D290E29B30EBD00975E84 /* Sphinx-solution-MachineTask */ = {
			isa = PBXNativeTarget;
			buildConfigurationList = 066D292329B30EBF00975E84 /* Build configuration list for PBXNativeTarget "Sphinx-solution-MachineTask" */;
			buildPhases = (
				066D290B29B30EBD00975E84 /* Sources */,
				066D290C29B30EBD00975E84 /* Frameworks */,
				066D290D29B30EBD00975E84 /* Resources */,
			);
			buildRules = (
			);
			dependencies = (
			);
			name = "Sphinx-solution-MachineTask";
			productName = "Sphinx-solution-MachineTask";
			productReference = 066D290F29B30EBD00975E84 /* Sphinx-solution-MachineTask.app */;
			productType = "com.apple.product-type.application";
		};
/* End PBXNativeTarget section */

/* Begin PBXProject section */
		066D290729B30EBD00975E84 /* Project object */ = {
			isa = PBXProject;
			attributes = {
				BuildIndependentTargetsInParallel = 1;
				LastSwiftUpdateCheck = 1420;
				LastUpgradeCheck = 1420;
				TargetAttributes = {
					066D290E29B30EBD00975E84 = {
						CreatedOnToolsVersion = 14.2;
					};
				};
			};
			buildConfigurationList = 066D290A29B30EBD00975E84 /* Build configuration list for PBXProject "Sphinx-solution-MachineTask" */;
			compatibilityVersion = "Xcode 14.0";
			developmentRegion = en;
			hasScannedForEncodings = 0;
			knownRegions = (
				en,
				Base,
			);
			mainGroup = 066D290629B30EBD00975E84;
			productRefGroup = 066D291029B30EBD00975E84 /* Products */;
			projectDirPath = "";
			projectRoot = "";
			targets = (
				066D290E29B30EBD00975E84 /* Sphinx-solution-MachineTask */,
			);
		};
/* End PBXProject section */

/* Begin PBXResourcesBuildPhase section */
		066D290D29B30EBD00975E84 /* Resources */ = {
			isa = PBXResourcesBuildPhase;
			buildActionMask = 2147483647;
			files = (
				063A3A7A29B3190F0068CB41 /* Main.storyboard in Resources */,
				066D291F29B30EBF00975E84 /* LaunchScreen.storyboard in Resources */,
				060DE9BD29B3601E0013E660 /* UserCollectionViewCell.xib in Resources */,
				066D291C29B30EBF00975E84 /* Assets.xcassets in Resources */,
				0606596429B355F4006CD37F /* PopulationTableViewCell.xib in Resources */,
			);
			runOnlyForDeploymentPostprocessing = 0;
		};
/* End PBXResourcesBuildPhase section */

/* Begin PBXSourcesBuildPhase section */
		066D290B29B30EBD00975E84 /* Sources */ = {
			isa = PBXSourcesBuildPhase;
			buildActionMask = 2147483647;
			files = (
				0606596729B3578F006CD37F /* Population.swift in Sources */,
				062BD5F429B324B900FE01EE /* GetUserProtocol.swift in Sources */,
				066D291329B30EBD00975E84 /* AppDelegate.swift in Sources */,
				066D291529B30EBD00975E84 /* SceneDelegate.swift in Sources */,
				062BD5F629B329A600FE01EE /* UIUpdateUsersProtocol.swift in Sources */,
				0606596329B355F4006CD37F /* PopulationTableViewCell.swift in Sources */,
				062BD5EE29B320AF00FE01EE /* HomeViewModel.swift in Sources */,
				0606596A29B35842006CD37F /* GetPopulationProtocol.swift in Sources */,
				0606596C29B35879006CD37F /* UIUpdatePopulationProtocol.swift in Sources */,
				0606596029B33104006CD37F /* HomeViewController.swift in Sources */,
				062BD5F929B32CC600FE01EE /* UserCollectionViewCell.swift in Sources */,
				062BD5F229B322EF00FE01EE /* Users.swift in Sources */,
				062BD5F029B3210E00FE01EE /* ApiHelper.swift in Sources */,
			);
			runOnlyForDeploymentPostprocessing = 0;
		};
/* End PBXSourcesBuildPhase section */

/* Begin PBXVariantGroup section */
		066D291D29B30EBF00975E84 /* LaunchScreen.storyboard */ = {
			isa = PBXVariantGroup;
			children = (
				066D291E29B30EBF00975E84 /* Base */,
			);
			name = LaunchScreen.storyboard;
			sourceTree = "<group>";
		};
/* End PBXVariantGroup section */

/* Begin XCBuildConfiguration section */
		066D292129B30EBF00975E84 /* Debug */ = {
			isa = XCBuildConfiguration;
			buildSettings = {
				ALWAYS_SEARCH_USER_PATHS = NO;
				CLANG_ANALYZER_NONNULL = YES;
				CLANG_ANALYZER_NUMBER_OBJECT_CONVERSION = YES_AGGRESSIVE;
				CLANG_CXX_LANGUAGE_STANDARD = "gnu++20";
				CLANG_ENABLE_MODULES = YES;
				CLANG_ENABLE_OBJC_ARC = YES;
				CLANG_ENABLE_OBJC_WEAK = YES;
				CLANG_WARN_BLOCK_CAPTURE_AUTORELEASING = YES;
				CLANG_WARN_BOOL_CONVERSION = YES;
				CLANG_WARN_COMMA = YES;
				CLANG_WARN_CONSTANT_CONVERSION = YES;
				CLANG_WARN_DEPRECATED_OBJC_IMPLEMENTATIONS = YES;
				CLANG_WARN_DIRECT_OBJC_ISA_USAGE = YES_ERROR;
				CLANG_WARN_DOCUMENTATION_COMMENTS = YES;
				CLANG_WARN_EMPTY_BODY = YES;
				CLANG_WARN_ENUM_CONVERSION = YES;
				CLANG_WARN_INFINITE_RECURSION = YES;
				CLANG_WARN_INT_CONVERSION = YES;
				CLANG_WARN_NON_LITERAL_NULL_CONVERSION = YES;
				CLANG_WARN_OBJC_IMPLICIT_RETAIN_SELF = YES;
				CLANG_WARN_OBJC_LITERAL_CONVERSION = YES;
				CLANG_WARN_OBJC_ROOT_CLASS = YES_ERROR;
				CLANG_WARN_QUOTED_INCLUDE_IN_FRAMEWORK_HEADER = YES;
				CLANG_WARN_RANGE_LOOP_ANALYSIS = YES;
				CLANG_WARN_STRICT_PROTOTYPES = YES;
				CLANG_WARN_SUSPICIOUS_MOVE = YES;
				CLANG_WARN_UNGUARDED_AVAILABILITY = YES_AGGRESSIVE;
				CLANG_WARN_UNREACHABLE_CODE = YES;
				CLANG_WARN__DUPLICATE_METHOD_MATCH = YES;
				COPY_PHASE_STRIP = NO;
				DEBUG_INFORMATION_FORMAT = dwarf;
				ENABLE_STRICT_OBJC_MSGSEND = YES;
				ENABLE_TESTABILITY = YES;
				GCC_C_LANGUAGE_STANDARD = gnu11;
				GCC_DYNAMIC_NO_PIC = NO;
				GCC_NO_COMMON_BLOCKS = YES;
				GCC_OPTIMIZATION_LEVEL = 0;
				GCC_PREPROCESSOR_DEFINITIONS = (
					"DEBUG=1",
					"$(inherited)",
				);
				GCC_WARN_64_TO_32_BIT_CONVERSION = YES;
				GCC_WARN_ABOUT_RETURN_TYPE = YES_ERROR;
				GCC_WARN_UNDECLARED_SELECTOR = YES;
				GCC_WARN_UNINITIALIZED_AUTOS = YES_AGGRESSIVE;
				GCC_WARN_UNUSED_FUNCTION = YES;
				GCC_WARN_UNUSED_VARIABLE = YES;
				IPHONEOS_DEPLOYMENT_TARGET = 16.2;
				MTL_ENABLE_DEBUG_INFO = INCLUDE_SOURCE;
				MTL_FAST_MATH = YES;
				ONLY_ACTIVE_ARCH = YES;
				SDKROOT = iphoneos;
				SWIFT_ACTIVE_COMPILATION_CONDITIONS = DEBUG;
				SWIFT_OPTIMIZATION_LEVEL = "-Onone";
			};
			name = Debug;
		};
		066D292229B30EBF00975E84 /* Release */ = {
			isa = XCBuildConfiguration;
			buildSettings = {
				ALWAYS_SEARCH_USER_PATHS = NO;
				CLANG_ANALYZER_NONNULL = YES;
				CLANG_ANALYZER_NUMBER_OBJECT_CONVERSION = YES_AGGRESSIVE;
				CLANG_CXX_LANGUAGE_STANDARD = "gnu++20";
				CLANG_ENABLE_MODULES = YES;
				CLANG_ENABLE_OBJC_ARC = YES;
				CLANG_ENABLE_OBJC_WEAK = YES;
				CLANG_WARN_BLOCK_CAPTURE_AUTORELEASING = YES;
				CLANG_WARN_BOOL_CONVERSION = YES;
				CLANG_WARN_COMMA = YES;
				CLANG_WARN_CONSTANT_CONVERSION = YES;
				CLANG_WARN_DEPRECATED_OBJC_IMPLEMENTATIONS = YES;
				CLANG_WARN_DIRECT_OBJC_ISA_USAGE = YES_ERROR;
				CLANG_WARN_DOCUMENTATION_COMMENTS = YES;
				CLANG_WARN_EMPTY_BODY = YES;
				CLANG_WARN_ENUM_CONVERSION = YES;
				CLANG_WARN_INFINITE_RECURSION = YES;
				CLANG_WARN_INT_CONVERSION = YES;
				CLANG_WARN_NON_LITERAL_NULL_CONVERSION = YES;
				CLANG_WARN_OBJC_IMPLICIT_RETAIN_SELF = YES;
				CLANG_WARN_OBJC_LITERAL_CONVERSION = YES;
				CLANG_WARN_OBJC_ROOT_CLASS = YES_ERROR;
				CLANG_WARN_QUOTED_INCLUDE_IN_FRAMEWORK_HEADER = YES;
				CLANG_WARN_RANGE_LOOP_ANALYSIS = YES;
				CLANG_WARN_STRICT_PROTOTYPES = YES;
				CLANG_WARN_SUSPICIOUS_MOVE = YES;
				CLANG_WARN_UNGUARDED_AVAILABILITY = YES_AGGRESSIVE;
				CLANG_WARN_UNREACHABLE_CODE = YES;
				CLANG_WARN__DUPLICATE_METHOD_MATCH = YES;
				COPY_PHASE_STRIP = NO;
				DEBUG_INFORMATION_FORMAT = "dwarf-with-dsym";
				ENABLE_NS_ASSERTIONS = NO;
				ENABLE_STRICT_OBJC_MSGSEND = YES;
				GCC_C_LANGUAGE_STANDARD = gnu11;
				GCC_NO_COMMON_BLOCKS = YES;
				GCC_WARN_64_TO_32_BIT_CONVERSION = YES;
				GCC_WARN_ABOUT_RETURN_TYPE = YES_ERROR;
				GCC_WARN_UNDECLARED_SELECTOR = YES;
				GCC_WARN_UNINITIALIZED_AUTOS = YES_AGGRESSIVE;
				GCC_WARN_UNUSED_FUNCTION = YES;
				GCC_WARN_UNUSED_VARIABLE = YES;
				IPHONEOS_DEPLOYMENT_TARGET = 16.2;
				MTL_ENABLE_DEBUG_INFO = NO;
				MTL_FAST_MATH = YES;
				SDKROOT = iphoneos;
				SWIFT_COMPILATION_MODE = wholemodule;
				SWIFT_OPTIMIZATION_LEVEL = "-O";
				VALIDATE_PRODUCT = YES;
			};
			name = Release;
		};
		066D292429B30EBF00975E84 /* Debug */ = {
			isa = XCBuildConfiguration;
			buildSettings = {
				ASSETCATALOG_COMPILER_APPICON_NAME = AppIcon;
				ASSETCATALOG_COMPILER_GLOBAL_ACCENT_COLOR_NAME = AccentColor;
				CODE_SIGN_STYLE = Automatic;
				CURRENT_PROJECT_VERSION = 1;
				DEVELOPMENT_TEAM = GUHF2Y86AT;
				GENERATE_INFOPLIST_FILE = YES;
				INFOPLIST_FILE = "Sphinx-solution-MachineTask/Info.plist";
				INFOPLIST_KEY_UIApplicationSupportsIndirectInputEvents = YES;
				INFOPLIST_KEY_UILaunchStoryboardName = LaunchScreen;
				INFOPLIST_KEY_UIMainStoryboardFile = Main;
				INFOPLIST_KEY_UISupportedInterfaceOrientations_iPad = "UIInterfaceOrientationPortrait UIInterfaceOrientationPortraitUpsideDown UIInterfaceOrientationLandscapeLeft UIInterfaceOrientationLandscapeRight";
				INFOPLIST_KEY_UISupportedInterfaceOrientations_iPhone = "UIInterfaceOrientationPortrait UIInterfaceOrientationLandscapeLeft UIInterfaceOrientationLandscapeRight";
				LD_RUNPATH_SEARCH_PATHS = (
					"$(inherited)",
					"@executable_path/Frameworks",
				);
				MARKETING_VERSION = 1.0;
				PRODUCT_BUNDLE_IDENTIFIER = "com.ui.Sphinx-solution-MachineTask";
				PRODUCT_NAME = "$(TARGET_NAME)";
				SWIFT_EMIT_LOC_STRINGS = YES;
				SWIFT_VERSION = 5.0;
				TARGETED_DEVICE_FAMILY = "1,2";
			};
			name = Debug;
		};
		066D292529B30EBF00975E84 /* Release */ = {
			isa = XCBuildConfiguration;
			buildSettings = {
				ASSETCATALOG_COMPILER_APPICON_NAME = AppIcon;
				ASSETCATALOG_COMPILER_GLOBAL_ACCENT_COLOR_NAME = AccentColor;
				CODE_SIGN_STYLE = Automatic;
				CURRENT_PROJECT_VERSION = 1;
				DEVELOPMENT_TEAM = GUHF2Y86AT;
				GENERATE_INFOPLIST_FILE = YES;
				INFOPLIST_FILE = "Sphinx-solution-MachineTask/Info.plist";
				INFOPLIST_KEY_UIApplicationSupportsIndirectInputEvents = YES;
				INFOPLIST_KEY_UILaunchStoryboardName = LaunchScreen;
				INFOPLIST_KEY_UIMainStoryboardFile = Main;
				INFOPLIST_KEY_UISupportedInterfaceOrientations_iPad = "UIInterfaceOrientationPortrait UIInterfaceOrientationPortraitUpsideDown UIInterfaceOrientationLandscapeLeft UIInterfaceOrientationLandscapeRight";
				INFOPLIST_KEY_UISupportedInterfaceOrientations_iPhone = "UIInterfaceOrientationPortrait UIInterfaceOrientationLandscapeLeft UIInterfaceOrientationLandscapeRight";
				LD_RUNPATH_SEARCH_PATHS = (
					"$(inherited)",
					"@executable_path/Frameworks",
				);
				MARKETING_VERSION = 1.0;
				PRODUCT_BUNDLE_IDENTIFIER = "com.ui.Sphinx-solution-MachineTask";
				PRODUCT_NAME = "$(TARGET_NAME)";
				SWIFT_EMIT_LOC_STRINGS = YES;
				SWIFT_VERSION = 5.0;
				TARGETED_DEVICE_FAMILY = "1,2";
			};
			name = Release;
		};
/* End XCBuildConfiguration section */

/* Begin XCConfigurationList section */
		066D290A29B30EBD00975E84 /* Build configuration list for PBXProject "Sphinx-solution-MachineTask" */ = {
			isa = XCConfigurationList;
			buildConfigurations = (
				066D292129B30EBF00975E84 /* Debug */,
				066D292229B30EBF00975E84 /* Release */,
			);
			defaultConfigurationIsVisible = 0;
			defaultConfigurationName = Release;
		};
		066D292329B30EBF00975E84 /* Build configuration list for PBXNativeTarget "Sphinx-solution-MachineTask" */ = {
			isa = XCConfigurationList;
			buildConfigurations = (
				066D292429B30EBF00975E84 /* Debug */,
				066D292529B30EBF00975E84 /* Release */,
			);
			defaultConfigurationIsVisible = 0;
			defaultConfigurationName = Release;
		};
/* End XCConfigurationList section */
	};
	rootObject = 066D290729B30EBD00975E84 /* Project object */;
}
